
Microsoft Visual Studio Solution File, Format Version 12.00
# Visual Studio Version 17
VisualStudioVersion = 17.9.34723.18
MinimumVisualStudioVersion = 10.0.40219.1
Project("{FAE04EC0-301F-11D3-BF4B-00C04F79EFBC}") = "FibonacciSequenceSolutions", "FibonacciSequenceSolutions\FibonacciSequenceSolutions.csproj", "{FD0061B9-D105-4774-8F98-10765E9C14BB}"
EndProject
Global
	GlobalSection(SolutionConfigurationPlatforms) = preSolution
		Debug|Any CPU = Debug|Any CPU
		Release|Any CPU = Release|Any CPU
	EndGlobalSection
	GlobalSection(ProjectConfigurationPlatforms) = postSolution
		{FD0061B9-D105-4774-8F98-10765E9C14BB}.Debug|Any CPU.ActiveCfg = Debug|Any CPU
		{FD0061B9-D105-4774-8F98-10765E9C14BB}.Debug|Any CPU.Build.0 = Debug|Any CPU
		{FD0061B9-D105-4774-8F98-10765E9C14BB}.Release|Any CPU.ActiveCfg = Release|Any CPU
		{FD0061B9-D105-4774-8F98-10765E9C14BB}.Release|Any CPU.Build.0 = Release|Any CPU
	EndGlobalSection
	GlobalSection(SolutionProperties) = preSolution
		HideSolutionNode = FALSE
	EndGlobalSection
	GlobalSection(ExtensibilityGlobals) = postSolution
		SolutionGuid = {C3AA70ED-E290-45B2-9D8E-99864A395C1A}
	EndGlobalSection
EndGlobal
